
Microsoft Visual Studio Solution File, Format Version 12.00
# Visual Studio Version 17
VisualStudioVersion = 17.0.32112.339
MinimumVisualStudioVersion = 10.0.40219.1
Project("{9A19103F-16F7-4668-BE54-9A1E7A4F7556}") = "Steganography", "Steganography\Steganography.csproj", "{5A6C7C5D-6A2F-4B33-9FC4-5A470FB27FA8}"
EndProject
Project("{FAE04EC0-301F-11D3-BF4B-00C04F79EFBC}") = "Steganography.App", "Steganography.App\Steganography.App.csproj", "{2A247A96-5A37-4FE3-A1C5-B02633FE0E6A}"
EndProject
Global
	GlobalSection(SolutionConfigurationPlatforms) = preSolution
		Debug|Any CPU = Debug|Any CPU
		Release|Any CPU = Release|Any CPU
	EndGlobalSection
	GlobalSection(ProjectConfigurationPlatforms) = postSolution
		{5A6C7C5D-6A2F-4B33-9FC4-5A470FB27FA8}.Debug|Any CPU.ActiveCfg = Debug|Any CPU
		{5A6C7C5D-6A2F-4B33-9FC4-5A470FB27FA8}.Debug|Any CPU.Build.0 = Debug|Any CPU
		{5A6C7C5D-6A2F-4B33-9FC4-5A470FB27FA8}.Release|Any CPU.ActiveCfg = Release|Any CPU
		{5A6C7C5D-6A2F-4B33-9FC4-5A470FB27FA8}.Release|Any CPU.Build.0 = Release|Any CPU
		{2A247A96-5A37-4FE3-A1C5-B02633FE0E6A}.Debug|Any CPU.ActiveCfg = Debug|Any CPU
		{2A247A96-5A37-4FE3-A1C5-B02633FE0E6A}.Debug|Any CPU.Build.0 = Debug|Any CPU
		{2A247A96-5A37-4FE3-A1C5-B02633FE0E6A}.Release|Any CPU.ActiveCfg = Release|Any CPU
		{2A247A96-5A37-4FE3-A1C5-B02633FE0E6A}.Release|Any CPU.Build.0 = Release|Any CPU
	EndGlobalSection
	GlobalSection(SolutionProperties) = preSolution
		HideSolutionNode = FALSE
	EndGlobalSection
	GlobalSection(ExtensibilityGlobals) = postSolution
		SolutionGuid = {47C20F3F-A38E-4942-8F58-708B94B58B45}
	EndGlobalSection
EndGlobal
